
Microsoft Visual Studio Solution File, Format Version 12.00
# Visual Studio Version 17
VisualStudioVersion = 17.1.32407.343
MinimumVisualStudioVersion = 10.0.40219.1
Project("{FAE04EC0-301F-11D3-BF4B-00C04F79EFBC}") = "JimmyLinq", "JimmyLinq\JimmyLinq.csproj", "{4D21BB9F-FBBB-4D79-97E1-7AD9BCCE8DB1}"
EndProject
Global
	GlobalSection(SolutionConfigurationPlatforms) = preSolution
		Debug|Any CPU = Debug|Any CPU
		Release|Any CPU = Release|Any CPU
	EndGlobalSection
	GlobalSection(ProjectConfigurationPlatforms) = postSolution
		{4D21BB9F-FBBB-4D79-97E1-7AD9BCCE8DB1}.Debug|Any CPU.ActiveCfg = Debug|Any CPU
		{4D21BB9F-FBBB-4D79-97E1-7AD9BCCE8DB1}.Debug|Any CPU.Build.0 = Debug|Any CPU
		{4D21BB9F-FBBB-4D79-97E1-7AD9BCCE8DB1}.Release|Any CPU.ActiveCfg = Release|Any CPU
		{4D21BB9F-FBBB-4D79-97E1-7AD9BCCE8DB1}.Release|Any CPU.Build.0 = Release|Any CPU
	EndGlobalSection
	GlobalSection(SolutionProperties) = preSolution
		HideSolutionNode = FALSE
	EndGlobalSection
	GlobalSection(ExtensibilityGlobals) = postSolution
		SolutionGuid = {ACFB42CC-63FF-434D-86AE-B24D2FE61B7D}
	EndGlobalSection
EndGlobal
